
Microsoft Visual Studio Solution File, Format Version 12.00
# Visual Studio Version 16
VisualStudioVersion = 16.0.30717.126
MinimumVisualStudioVersion = 10.0.40219.1
Project("{FAE04EC0-301F-11D3-BF4B-00C04F79EFBC}") = "OutlookAddIn_InsertLocalFileLinks", "OutlookAddIn_InsertLocalFileLinks\OutlookAddIn_InsertLocalFileLinks.csproj", "{978A3A13-3356-480A-BBA6-5E2E6E07C00B}"
EndProject
Global
	GlobalSection(SolutionConfigurationPlatforms) = preSolution
		Debug|Any CPU = Debug|Any CPU
		Release|Any CPU = Release|Any CPU
	EndGlobalSection
	GlobalSection(ProjectConfigurationPlatforms) = postSolution
		{978A3A13-3356-480A-BBA6-5E2E6E07C00B}.Debug|Any CPU.ActiveCfg = Debug|Any CPU
		{978A3A13-3356-480A-BBA6-5E2E6E07C00B}.Debug|Any CPU.Build.0 = Debug|Any CPU
		{978A3A13-3356-480A-BBA6-5E2E6E07C00B}.Release|Any CPU.ActiveCfg = Release|Any CPU
		{978A3A13-3356-480A-BBA6-5E2E6E07C00B}.Release|Any CPU.Build.0 = Release|Any CPU
	EndGlobalSection
	GlobalSection(SolutionProperties) = preSolution
		HideSolutionNode = FALSE
	EndGlobalSection
	GlobalSection(ExtensibilityGlobals) = postSolution
		SolutionGuid = {EB7BC902-137A-4D2B-88DC-A1F13D983B35}
	EndGlobalSection
EndGlobal
